PODS:
  - WZFoundationExtension (3.0.5):
    - WZNamespaceWrappable (~> 2.1.2)
  - WZNamespaceWrappable (2.1.2)

DEPENDENCIES:
  - WZFoundationExtension (from `../`)

SPEC REPOS:
  https://github.com/WZLYiOS/WZPodSpecs.git:
    - WZNamespaceWrappable

EXTERNAL SOURCES:
  WZFoundationExtension:
    :path: "../"

SPEC CHECKSUMS:
  WZFoundationExtension: 83360c899cbf58c79953052dab57dbfe20e1d934
  WZNamespaceWrappable: 65604717d18c3a2892d90270ff96487da1009d7c

PODFILE CHECKSUM: d46a614e53a17bb17bd9cee461c834319f30effe

COCOAPODS: 1.11.3
